
Microsoft Visual Studio Solution File, Format Version 12.00
# Visual Studio 15
VisualStudioVersion = 15.0.28010.2046
MinimumVisualStudioVersion = 10.0.40219.1
Project("{FAE04EC0-301F-11D3-BF4B-00C04F79EFBC}") = "Tests", "Tests\Tests.csproj", "{E2138351-EDCF-4137-AF33-55814B7DE12D}"
EndProject
Global
	GlobalSection(SolutionConfigurationPlatforms) = preSolution
		Debug|Any CPU = Debug|Any CPU
		Release|Any CPU = Release|Any CPU
	EndGlobalSection
	GlobalSection(ProjectConfigurationPlatforms) = postSolution
		{E2138351-EDCF-4137-AF33-55814B7DE12D}.Debug|Any CPU.ActiveCfg = Debug|Any CPU
		{E2138351-EDCF-4137-AF33-55814B7DE12D}.Debug|Any CPU.Build.0 = Debug|Any CPU
		{E2138351-EDCF-4137-AF33-55814B7DE12D}.Release|Any CPU.ActiveCfg = Release|Any CPU
		{E2138351-EDCF-4137-AF33-55814B7DE12D}.Release|Any CPU.Build.0 = Release|Any CPU
	EndGlobalSection
	GlobalSection(SolutionProperties) = preSolution
		HideSolutionNode = FALSE
	EndGlobalSection
	GlobalSection(ExtensibilityGlobals) = postSolution
		SolutionGuid = {2C560C26-780B-455B-AE75-E93CE5DEAE4F}
	EndGlobalSection
EndGlobal
